
Microsoft Visual Studio Solution File, Format Version 12.00
# Visual Studio Version 16
VisualStudioVersion = 16.0.29519.181
MinimumVisualStudioVersion = 10.0.40219.1
Project("{9A19103F-16F7-4668-BE54-9A1E7A4F7556}") = "BearFTP", "BearFTP\BearFTP.csproj", "{8E5EA5F8-AA8E-4131-80A6-349C8B2EDE16}"
EndProject
Global
	GlobalSection(SolutionConfigurationPlatforms) = preSolution
		Debug|Any CPU = Debug|Any CPU
		Release|Any CPU = Release|Any CPU
	EndGlobalSection
	GlobalSection(ProjectConfigurationPlatforms) = postSolution
		{8E5EA5F8-AA8E-4131-80A6-349C8B2EDE16}.Debug|Any CPU.ActiveCfg = Debug|Any CPU
		{8E5EA5F8-AA8E-4131-80A6-349C8B2EDE16}.Debug|Any CPU.Build.0 = Debug|Any CPU
		{8E5EA5F8-AA8E-4131-80A6-349C8B2EDE16}.Release|Any CPU.ActiveCfg = Release|Any CPU
		{8E5EA5F8-AA8E-4131-80A6-349C8B2EDE16}.Release|Any CPU.Build.0 = Release|Any CPU
	EndGlobalSection
	GlobalSection(SolutionProperties) = preSolution
		HideSolutionNode = FALSE
	EndGlobalSection
	GlobalSection(ExtensibilityGlobals) = postSolution
		SolutionGuid = {22721CC0-D4A9-4C4D-9D1A-5D218404759A}
	EndGlobalSection
EndGlobal
